Microsoft Visual Studio Solution File, Format Version 12.00
# Visual Studio Version 17
VisualStudioVersion = 17.5.2.0
MinimumVisualStudioVersion = 10.0.40219.1
Project("{FAE04EC0-301F-11D3-BF4B-00C04F79EFBC}") = "C-", "C-.csproj", "{FD0BC25B-70BB-6ADA-E714-510DF4CE6696}"
EndProject
Global
	GlobalSection(SolutionConfigurationPlatforms) = preSolution
		Debug|Any CPU = Debug|Any CPU
		Release|Any CPU = Release|Any CPU
	EndGlobalSection
	GlobalSection(ProjectConfigurationPlatforms) = postSolution
		{FD0BC25B-70BB-6ADA-E714-510DF4CE6696}.Debug|Any CPU.ActiveCfg = Debug|Any CPU
		{FD0BC25B-70BB-6ADA-E714-510DF4CE6696}.Debug|Any CPU.Build.0 = Debug|Any CPU
		{FD0BC25B-70BB-6ADA-E714-510DF4CE6696}.Release|Any CPU.ActiveCfg = Release|Any CPU
		{FD0BC25B-70BB-6ADA-E714-510DF4CE6696}.Release|Any CPU.Build.0 = Release|Any CPU
	EndGlobalSection
	GlobalSection(SolutionProperties) = preSolution
		HideSolutionNode = FALSE
	EndGlobalSection
	GlobalSection(ExtensibilityGlobals) = postSolution
		SolutionGuid = {461D83F9-A827-4B5B-A689-897743953091}
	EndGlobalSection
EndGlobal
